
Microsoft Visual Studio Solution File, Format Version 12.00
# Visual Studio Version 17
VisualStudioVersion = 17.5.33627.172
MinimumVisualStudioVersion = 10.0.40219.1
Project("{FAE04EC0-301F-11D3-BF4B-00C04F79EFBC}") = "myNotepad", "myNotepad\myNotepad.csproj", "{23D055DA-AAD7-41A8-93E3-0686CC38821A}"
EndProject
Global
	GlobalSection(SolutionConfigurationPlatforms) = preSolution
		Debug|Any CPU = Debug|Any CPU
		Release|Any CPU = Release|Any CPU
	EndGlobalSection
	GlobalSection(ProjectConfigurationPlatforms) = postSolution
		{23D055DA-AAD7-41A8-93E3-0686CC38821A}.Debug|Any CPU.ActiveCfg = Debug|Any CPU
		{23D055DA-AAD7-41A8-93E3-0686CC38821A}.Debug|Any CPU.Build.0 = Debug|Any CPU
		{23D055DA-AAD7-41A8-93E3-0686CC38821A}.Release|Any CPU.ActiveCfg = Release|Any CPU
		{23D055DA-AAD7-41A8-93E3-0686CC38821A}.Release|Any CPU.Build.0 = Release|Any CPU
	EndGlobalSection
	GlobalSection(SolutionProperties) = preSolution
		HideSolutionNode = FALSE
	EndGlobalSection
	GlobalSection(ExtensibilityGlobals) = postSolution
		SolutionGuid = {2C2934F3-EFE8-4C3D-B838-A4BE40BE5877}
	EndGlobalSection
EndGlobal
